
Microsoft Visual Studio Solution File, Format Version 12.00
# Visual Studio 2012
Project("{FAE04EC0-301F-11D3-BF4B-00C04F79EFBC}") = "LucidWorksSearchDemo", "LucidWorksSearchDemo\LucidWorksSearchDemo.csproj", "{5BCC0D2B-15CF-4C8C-B62F-A56F97C9AB72}"
EndProject
Global
	GlobalSection(SolutionConfigurationPlatforms) = preSolution
		Debug|Any CPU = Debug|Any CPU
		Release|Any CPU = Release|Any CPU
	EndGlobalSection
	GlobalSection(ProjectConfigurationPlatforms) = postSolution
		{5BCC0D2B-15CF-4C8C-B62F-A56F97C9AB72}.Debug|Any CPU.ActiveCfg = Debug|Any CPU
		{5BCC0D2B-15CF-4C8C-B62F-A56F97C9AB72}.Debug|Any CPU.Build.0 = Debug|Any CPU
		{5BCC0D2B-15CF-4C8C-B62F-A56F97C9AB72}.Release|Any CPU.ActiveCfg = Release|Any CPU
		{5BCC0D2B-15CF-4C8C-B62F-A56F97C9AB72}.Release|Any CPU.Build.0 = Release|Any CPU
	EndGlobalSection
	GlobalSection(SolutionProperties) = preSolution
		HideSolutionNode = FALSE
	EndGlobalSection
EndGlobal
